lockfileVersion: '9.0'

settings:
  autoInstallPeers: true
  excludeLinksFromLockfile: false

importers:

  .:
    dependencies:
      '@nestjs/config':
        specifier: ^3.2.3
        version: 3.2.3(@nestjs/common@10.3.10(reflect-metadata@0.2.2)(rxjs@7.8.1))(rxjs@7.8.1)

packages:

  '@lukeed/csprng@1.1.0':
    resolution: {integrity: sha512-Z7C/xXCiGWsg0KuKsHTKJxbWhpI3Vs5GwLfOean7MGyVFGqdRgBbAjOCh6u4bbjPc/8MJ2pZmK/0DLdCbivLDA==}
    engines: {node: '>=8'}

  '@nestjs/common@10.3.10':
    resolution: {integrity: sha512-H8k0jZtxk1IdtErGDmxFRy0PfcOAUg41Prrqpx76DQusGGJjsaovs1zjXVD1rZWaVYchfT1uczJ6L4Kio10VNg==}
    peerDependencies:
      class-transformer: '*'
      class-validator: '*'
      reflect-metadata: ^0.1.12 || ^0.2.0
      rxjs: ^7.1.0
    peerDependenciesMeta:
      class-transformer:
        optional: true
      class-validator:
        optional: true

  '@nestjs/config@3.2.3':
    resolution: {integrity: sha512-p6yv/CvoBewJ72mBq4NXgOAi2rSQNWx3a+IMJLVKS2uiwFCOQQuiIatGwq6MRjXV3Jr+B41iUO8FIf4xBrZ4/w==}
    peerDependencies:
      '@nestjs/common': ^8.0.0 || ^9.0.0 || ^10.0.0
      rxjs: ^7.1.0

  dotenv-expand@10.0.0:
    resolution: {integrity: sha512-GopVGCpVS1UKH75VKHGuQFqS1Gusej0z4FyQkPdwjil2gNIv+LNsqBlboOzpJFZKVT95GkCyWJbBSdFEFUWI2A==}
    engines: {node: '>=12'}

  dotenv@16.4.5:
    resolution: {integrity: sha512-ZmdL2rui+eB2YwhsWzjInR8LldtZHGDoQ1ugH85ppHKwpUHL7j7rN0Ti9NCnGiQbhaZ11FpR+7ao1dNsmduNUg==}
    engines: {node: '>=12'}

  iterare@1.2.1:
    resolution: {integrity: sha512-RKYVTCjAnRthyJes037NX/IiqeidgN1xc3j1RjFfECFp28A1GVwK9nA+i0rJPaHqSZwygLzRnFlzUuHFoWWy+Q==}
    engines: {node: '>=6'}

  lodash@4.17.21:
    resolution: {integrity: sha512-v2kDEe57lecTulaDIuNTPy3Ry4gLGJ6Z1O3vE1krgXZNrsQ+LFTGHVxVjcXPs17LhbZVGedAJv8XZ1tvj5FvSg==}

  reflect-metadata@0.2.2:
    resolution: {integrity: sha512-urBwgfrvVP/eAyXx4hluJivBKzuEbSQs9rKWCrCkbSxNv8mxPcUZKeuoF3Uy4mJl3Lwprp6yy5/39VWigZ4K6Q==}

  rxjs@7.8.1:
    resolution: {integrity: sha512-AA3TVj+0A2iuIoQkWEK/tqFjBq2j+6PO6Y0zJcvzLAFhEFIO3HL0vls9hWLncZbAAbK0mar7oZ4V079I/qPMxg==}

  tslib@2.6.3:
    resolution: {integrity: sha512-xNvxJEOUiWPGhUuUdQgAJPKOOJfGnIyKySOc09XkKsgdUV/3E2zvwZYdejjmRgPCgcym1juLH3226yA7sEFJKQ==}

  uid@2.0.2:
    resolution: {integrity: sha512-u3xV3X7uzvi5b1MncmZo3i2Aw222Zk1keqLA1YkHldREkAhAqi65wuPfe7lHx8H/Wzy+8CE7S7uS3jekIM5s8g==}
    engines: {node: '>=8'}

snapshots:

  '@lukeed/csprng@1.1.0': {}

  '@nestjs/common@10.3.10(reflect-metadata@0.2.2)(rxjs@7.8.1)':
    dependencies:
      iterare: 1.2.1
      reflect-metadata: 0.2.2
      rxjs: 7.8.1
      tslib: 2.6.3
      uid: 2.0.2

  '@nestjs/config@3.2.3(@nestjs/common@10.3.10(reflect-metadata@0.2.2)(rxjs@7.8.1))(rxjs@7.8.1)':
    dependencies:
      '@nestjs/common': 10.3.10(reflect-metadata@0.2.2)(rxjs@7.8.1)
      dotenv: 16.4.5
      dotenv-expand: 10.0.0
      lodash: 4.17.21
      rxjs: 7.8.1

  dotenv-expand@10.0.0: {}

  dotenv@16.4.5: {}

  iterare@1.2.1: {}

  lodash@4.17.21: {}

  reflect-metadata@0.2.2: {}

  rxjs@7.8.1:
    dependencies:
      tslib: 2.6.3

  tslib@2.6.3: {}

  uid@2.0.2:
    dependencies:
      '@lukeed/csprng': 1.1.0
